{
  "lockfileVersion": 1,
  "configVersion": 1,
  "workspaces": {
    "": {
      "name": "@fabriciogferreira/schema-to-query-string",
      "dependencies": {
        "zod": "^4.3.5",
      },
      "devDependencies": {
        "bun-types": "^1.3.5",
        "fast-cartesian": "^9.0.1",
        "js-combinatorics": "^2.1.2",
        "typescript": "^5.9.3",
      },
    },
  },
  "packages": {
    "@types/node": ["@types/node@25.0.9", "", { "dependencies": { "undici-types": "~7.16.0" } }, "sha512-/rpCXHlCWeqClNBwUhDcusJxXYDjZTyE8v5oTO7WbL8eij2nKhUeU89/6xgjU7N4/Vh3He0BtyhJdQbDyhiXAw=="],

    "bun-types": ["bun-types@1.3.6", "", { "dependencies": { "@types/node": "*" } }, "sha512-OlFwHcnNV99r//9v5IIOgQ9Uk37gZqrNMCcqEaExdkVq3Avwqok1bJFmvGMCkCE0FqzdY8VMOZpfpR3lwI+CsQ=="],

    "fast-cartesian": ["fast-cartesian@9.0.1", "", {}, "sha512-5pFE28efDys358TzLGAOeOlrYjMD+EswAojWR+Si/bz0xjder3tZbWWnKumijf63ottxxzJFcoy36lRqHLCo9A=="],

    "js-combinatorics": ["js-combinatorics@2.1.2", "", {}, "sha512-/1AY2bYwxajoaKjPzvgQ80U7lcucU71ubzFPVgZGmzbDGn3R18ZQUZfD69+4Idg4JfNcq6trwD6I+dRfVnr/tg=="],

    "typescript": ["typescript@5.9.3", "", { "bin": { "tsc": "bin/tsc", "tsserver": "bin/tsserver" } }, "sha512-jl1vZzPDinLr9eUt3J/t7V6FgNEw9QjvBPdysz9KfQDD41fQrC2Y4vKQdiaUpFT4bXlb1RHhLpp8wtm6M5TgSw=="],

    "undici-types": ["undici-types@7.16.0", "", {}, "sha512-Zz+aZWSj8LE6zoxD+xrjh4VfkIG8Ya6LvYkZqtUQGJPZjYl53ypCaUwWqo7eI0x66KBGeRo+mlBEkMSeSZ38Nw=="],

    "zod": ["zod@4.3.5", "", {}, "sha512-k7Nwx6vuWx1IJ9Bjuf4Zt1PEllcwe7cls3VNzm4CQ1/hgtFUK2bRNG3rvnpPUhFjmqJKAKtjV576KnUkHocg/g=="],
  }
}
